// !$*UTF8*$!
{
	archiveVersion = 1;
	classes = {
	};
	objectVersion = 46;
	objects = {

/* Begin PBXBuildFile section */
		0902C73B0B37CBE85DF2FA15 /* Pods_AstroTestTests.framework in Frameworks */ = {isa = PBXBuildFile; fileRef = 56773DE52DC510A9964125ED /* Pods_AstroTestTests.framework */; };
		9ECB8F85EAF0754380F39357 /* Pods_AstroTestUITests.framework in Frameworks */ = {isa = PBXBuildFile; fileRef = B347C0E002E21127AB60FB3C /* Pods_AstroTestUITests.framework */; };
		FA2138DF1FA44BFD00DE84AC /* FirebaseDatabase.framework in Frameworks */ = {isa = PBXBuildFile; fileRef = FA2138DD1FA44BFD00DE84AC /* FirebaseDatabase.framework */; };
		FA2138E01FA44BFD00DE84AC /* leveldb-library.framework in Frameworks */ = {isa = PBXBuildFile; fileRef = FA2138DE1FA44BFD00DE84AC /* leveldb-library.framework */; };
		FA2138E41FA460E500DE84AC /* UserRequest.swift in Sources */ = {isa = PBXBuildFile; fileRef = FA2138E31FA460E500DE84AC /* UserRequest.swift */; };
		FA2ABCDF1FA3326E00326B50 /* AppDelegate.swift in Sources */ = {isa = PBXBuildFile; fileRef = FA2ABCDE1FA3326E00326B50 /* AppDelegate.swift */; };
		FA2ABCE41FA3326E00326B50 /* Main.storyboard in Resources */ = {isa = PBXBuildFile; fileRef = FA2ABCE21FA3326E00326B50 /* Main.storyboard */; };
		FA2ABCE61FA3326E00326B50 /* Assets.xcassets in Resources */ = {isa = PBXBuildFile; fileRef = FA2ABCE51FA3326E00326B50 /* Assets.xcassets */; };
		FA2ABCE91FA3326E00326B50 /* LaunchScreen.storyboard in Resources */ = {isa = PBXBuildFile; fileRef = FA2ABCE71FA3326E00326B50 /* LaunchScreen.storyboard */; };
		FA2ABCF41FA3326E00326B50 /* AstroTestTests.swift in Sources */ = {isa = PBXBuildFile; fileRef = FA2ABCF31FA3326E00326B50 /* AstroTestTests.swift */; };
		FA2ABCFF1FA3326E00326B50 /* AstroTestUITests.swift in Sources */ = {isa = PBXBuildFile; fileRef = FA2ABCFE1FA3326E00326B50 /* AstroTestUITests.swift */; };
		FA2ABD191FA3347000326B50 /* BaseViewController.swift in Sources */ = {isa = PBXBuildFile; fileRef = FA2ABD181FA3347000326B50 /* BaseViewController.swift */; };
		FA2ABD1C1FA3348D00326B50 /* HomeViewController.swift in Sources */ = {isa = PBXBuildFile; fileRef = FA2ABD1A1FA3348D00326B50 /* HomeViewController.swift */; };
		FA2ABD1D1FA3348D00326B50 /* HomeViewController.xib in Resources */ = {isa = PBXBuildFile; fileRef = FA2ABD1B1FA3348D00326B50 /* HomeViewController.xib */; };
		FA2ABD201FA3349A00326B50 /* MenuViewController.swift in Sources */ = {isa = PBXBuildFile; fileRef = FA2ABD1E1FA3349A00326B50 /* MenuViewController.swift */; };
		FA2ABD211FA3349A00326B50 /* MenuViewController.xib in Resources */ = {isa = PBXBuildFile; fileRef = FA2ABD1F1FA3349A00326B50 /* MenuViewController.xib */; };
		FA2ABD241FA3350C00326B50 /* ChannelsListViewController.swift in Sources */ = {isa = PBXBuildFile; fileRef = FA2ABD221FA3350C00326B50 /* ChannelsListViewController.swift */; };
		FA2ABD251FA3350C00326B50 /* ChannelsListViewController.xib in Resources */ = {isa = PBXBuildFile; fileRef = FA2ABD231FA3350C00326B50 /* ChannelsListViewController.xib */; };
		FA2ABD281FA3351B00326B50 /* DetailChannelViewController.swift in Sources */ = {isa = PBXBuildFile; fileRef = FA2ABD261FA3351B00326B50 /* DetailChannelViewController.swift */; };
		FA2ABD291FA3351B00326B50 /* DetailChannelViewController.xib in Resources */ = {isa = PBXBuildFile; fileRef = FA2ABD271FA3351B00326B50 /* DetailChannelViewController.xib */; };
		FA2ABD2D1FA3357C00326B50 /* SlideMenuViewController.swift in Sources */ = {isa = PBXBuildFile; fileRef = FA2ABD2B1FA3357C00326B50 /* SlideMenuViewController.swift */; };
		FA2ABD321FA335B300326B50 /* LoginViewController.swift in Sources */ = {isa = PBXBuildFile; fileRef = FA2ABD301FA335B300326B50 /* LoginViewController.swift */; };
		FA2ABD331FA335B300326B50 /* LoginViewController.xib in Resources */ = {isa = PBXBuildFile; fileRef = FA2ABD311FA335B300326B50 /* LoginViewController.xib */; };
		FA2ABD361FA335FF00326B50 /* Utils.swift in Sources */ = {isa = PBXBuildFile; fileRef = FA2ABD351FA335FF00326B50 /* Utils.swift */; };
		FA2ABD391FA3361600326B50 /* Constants.swift in Sources */ = {isa = PBXBuildFile; fileRef = FA2ABD381FA3361600326B50 /* Constants.swift */; };
		FA2ABD3C1FA3365400326B50 /* Application.swift in Sources */ = {isa = PBXBuildFile; fileRef = FA2ABD3B1FA3365400326B50 /* Application.swift */; };
		FA2ABD431FA3370200326B50 /* API.swift in Sources */ = {isa = PBXBuildFile; fileRef = FA2ABD421FA3370200326B50 /* API.swift */; };
		FA2ABD451FA3373A00326B50 /* ChannelsRequest.swift in Sources */ = {isa = PBXBuildFile; fileRef = FA2ABD441FA3373A00326B50 /* ChannelsRequest.swift */; };
		FA2ABD471FA3376600326B50 /* TVGuideRequest.swift in Sources */ = {isa = PBXBuildFile; fileRef = FA2ABD461FA3376600326B50 /* TVGuideRequest.swift */; };
		FA2ABD4A1FA337D900326B50 /* BaseObject.swift in Sources */ = {isa = PBXBuildFile; fileRef = FA2ABD491FA337D900326B50 /* BaseObject.swift */; };
		FA2ABD4C1FA337F300326B50 /* RequestDetail.swift in Sources */ = {isa = PBXBuildFile; fileRef = FA2ABD4B1FA337F300326B50 /* RequestDetail.swift */; };
		FA2ABD4E1FA3380C00326B50 /* ChannelParams.swift in Sources */ = {isa = PBXBuildFile; fileRef = FA2ABD4D1FA3380C00326B50 /* ChannelParams.swift */; };
		FA2ABD501FA3381C00326B50 /* TVGuideParams.swift in Sources */ = {isa = PBXBuildFile; fileRef = FA2ABD4F1FA3381C00326B50 /* TVGuideParams.swift */; };
		FA2ABD521FA338EC00326B50 /* Request.swift in Sources */ = {isa = PBXBuildFile; fileRef = FA2ABD511FA338EC00326B50 /* Request.swift */; };
		FA2ABD581FA33A7100326B50 /* BaseTableViewCell.swift in Sources */ = {isa = PBXBuildFile; fileRef = FA2ABD571FA33A7100326B50 /* BaseTableViewCell.swift */; };
		FA2ABD5A1FA33A8500326B50 /* BaseCollectionViewCell.swift in Sources */ = {isa = PBXBuildFile; fileRef = FA2ABD591FA33A8500326B50 /* BaseCollectionViewCell.swift */; };
		FA2ABD5D1FA33AF800326B50 /* BaseView.swift in Sources */ = {isa = PBXBuildFile; fileRef = FA2ABD5C1FA33AF800326B50 /* BaseView.swift */; };
		FA2ABD6D1FA33BF100326B50 /* BaseTableView.swift in Sources */ = {isa = PBXBuildFile; fileRef = FA2ABD6C1FA33BF100326B50 /* BaseTableView.swift */; };
		FA2ABD6F1FA33C0700326B50 /* ConfigTableView.swift in Sources */ = {isa = PBXBuildFile; fileRef = FA2ABD6E1FA33C0700326B50 /* ConfigTableView.swift */; };
		FA2ABD711FA33C2900326B50 /* ConfigTableViewLayout.swift in Sources */ = {isa = PBXBuildFile; fileRef = FA2ABD701FA33C2900326B50 /* ConfigTableViewLayout.swift */; };
		FA2ABD741FA3416800326B50 /* ChannelTableViewCell.swift in Sources */ = {isa = PBXBuildFile; fileRef = FA2ABD731FA3416800326B50 /* ChannelTableViewCell.swift */; };
		FA2ABD761FA3483A00326B50 /* BaseCollectionView.swift in Sources */ = {isa = PBXBuildFile; fileRef = FA2ABD751FA3483A00326B50 /* BaseCollectionView.swift */; };
		FA2ABD781FA3484D00326B50 /* ConfigCollectionView.swift in Sources */ = {isa = PBXBuildFile; fileRef = FA2ABD771FA3484D00326B50 /* ConfigCollectionView.swift */; };
		FA2ABD7A1FA3485D00326B50 /* ConfigCollectionViewFlowLayout.swift in Sources */ = {isa = PBXBuildFile; fileRef = FA2ABD791FA3485D00326B50 /* ConfigCollectionViewFlowLayout.swift */; };
		FA5D4F1A1FA3537700CA8809 /* Channel.swift in Sources */ = {isa = PBXBuildFile; fileRef = FA5D4F191FA3537700CA8809 /* Channel.swift */; };
		FA5D4F1D1FA3577C00CA8809 /* DataManager.swift in Sources */ = {isa = PBXBuildFile; fileRef = FA5D4F1C1FA3577C00CA8809 /* DataManager.swift */; };
		FA5D4F1F1FA358D400CA8809 /* LocalDataManager.swift in Sources */ = {isa = PBXBuildFile; fileRef = FA5D4F1E1FA358D400CA8809 /* LocalDataManager.swift */; };
		FA5D4F211FA358E200CA8809 /* AWSDataManager.swift in Sources */ = {isa = PBXBuildFile; fileRef = FA5D4F201FA358E200CA8809 /* AWSDataManager.swift */; };
		FA5D4F271FA38ADD00CA8809 /* SortChannel.swift in Sources */ = {isa = PBXBuildFile; fileRef = FA5D4F261FA38ADD00CA8809 /* SortChannel.swift */; };
		FA60FB581FA398C8001EE5AA /* GoogleSignIn.bundle in Resources */ = {isa = PBXBuildFile; fileRef = FA60FB551FA398C8001EE5AA /* GoogleSignIn.bundle */; };
		FA60FB591FA398C8001EE5AA /* GoogleSignIn.framework in Frameworks */ = {isa = PBXBuildFile; fileRef = FA60FB561FA398C8001EE5AA /* GoogleSignIn.framework */; };
		FA60FB5A1FA398C8001EE5AA /* GoogleSignInDependencies.framework in Frameworks */ = {isa = PBXBuildFile; fileRef = FA60FB571FA398C8001EE5AA /* GoogleSignInDependencies.framework */; };
		FA60FB5B1FA39941001EE5AA /* SystemConfiguration.framework in Frameworks */ = {isa = PBXBuildFile; fileRef = FA5D4F331FA3916500CA8809 /* SystemConfiguration.framework */; };
		FA60FB5C1FA39946001EE5AA /* SafariServices.framework in Frameworks */ = {isa = PBXBuildFile; fileRef = FA5D4F311FA3915C00CA8809 /* SafariServices.framework */; };
		FA60FB691FA3A2F5001EE5AA /* FBSDKCoreKit.framework in Frameworks */ = {isa = PBXBuildFile; fileRef = FA60FB671FA3A2F5001EE5AA /* FBSDKCoreKit.framework */; };
		FA60FB6A1FA3A2F5001EE5AA /* FBSDKLoginKit.framework in Frameworks */ = {isa = PBXBuildFile; fileRef = FA60FB681FA3A2F5001EE5AA /* FBSDKLoginKit.framework */; };
		FA60FB731FA3A537001EE5AA /* AccountKit.framework in Frameworks */ = {isa = PBXBuildFile; fileRef = FA60FB6B1FA3A537001EE5AA /* AccountKit.framework */; };
		FA60FB741FA3A537001EE5AA /* AccountKitStrings.bundle in Resources */ = {isa = PBXBuildFile; fileRef = FA60FB6C1FA3A537001EE5AA /* AccountKitStrings.bundle */; };
		FA60FB751FA3A537001EE5AA /* Bolts.framework in Frameworks */ = {isa = PBXBuildFile; fileRef = FA60FB6D1FA3A537001EE5AA /* Bolts.framework */; };
		FA60FB761FA3A537001EE5AA /* FacebookSDKStrings.bundle in Resources */ = {isa = PBXBuildFile; fileRef = FA60FB6E1FA3A537001EE5AA /* FacebookSDKStrings.bundle */; };
		FA60FB7C1FA3B3EC001EE5AA /* GoogleService-Info.plist in Resources */ = {isa = PBXBuildFile; fileRef = FA60FB7B1FA3B3EC001EE5AA /* GoogleService-Info.plist */; };
		FA9A4954A9EED41228503F98 /* Pods_AstroTest.framework in Frameworks */ = {isa = PBXBuildFile; fileRef = 38934C9B2EB91DB400864BF3 /* Pods_AstroTest.framework */; };
		FAB5AFFC1FA56AED00E74358 /* MenuTableViewCell.swift in Sources */ = {isa = PBXBuildFile; fileRef = FAB5AFFB1FA56AED00E74358 /* MenuTableViewCell.swift */; };
		FAB5AFFE1FA56AF900E74358 /* MenuTableViewCell.xib in Resources */ = {isa = PBXBuildFile; fileRef = FAB5AFFD1FA56AF900E74358 /* MenuTableViewCell.xib */; };
		FAB5B0021FA56B3E00E74358 /* MenuFooterView.swift in Sources */ = {isa = PBXBuildFile; fileRef = FAB5B0011FA56B3E00E74358 /* MenuFooterView.swift */; };
		FAB5B0041FA56B4800E74358 /* MenuFooterView.xib in Resources */ = {isa = PBXBuildFile; fileRef = FAB5B0031FA56B4800E74358 /* MenuFooterView.xib */; };
		FAB5B0061FA56B5600E74358 /* MenuHeader.swift in Sources */ = {isa = PBXBuildFile; fileRef = FAB5B0051FA56B5600E74358 /* MenuHeader.swift */; };
		FAB5B0081FA56B6000E74358 /* MenuHeader.xib in Resources */ = {isa = PBXBuildFile; fileRef = FAB5B0071FA56B6000E74358 /* MenuHeader.xib */; };
		FAB5B00B1FA56C7100E74358 /* Menu.swift in Sources */ = {isa = PBXBuildFile; fileRef = FAB5B00A1FA56C7100E74358 /* Menu.swift */; };
		FAB5B00D1FA57B7B00E74358 /* ChannelTableViewCell.xib in Resources */ = {isa = PBXBuildFile; fileRef = FAB5B00C1FA57B7B00E74358 /* ChannelTableViewCell.xib */; };
		FAB5B0101FA598F500E74358 /* FavoriesCollectionViewCell.swift in Sources */ = {isa = PBXBuildFile; fileRef = FAB5B00F1FA598F500E74358 /* FavoriesCollectionViewCell.swift */; };
		FAB5B0121FA598FD00E74358 /* FavoriesCollectionViewCell.xib in Resources */ = {isa = PBXBuildFile; fileRef = FAB5B0111FA598FD00E74358 /* FavoriesCollectionViewCell.xib */; };
		FAB5B0141FA5AEED00E74358 /* FirebaseDataManager.swift in Sources */ = {isa = PBXBuildFile; fileRef = FAB5B0131FA5AEED00E74358 /* FirebaseDataManager.swift */; };
		FAB742601FA4CE35009C65E9 /* SlideMenuViewController.xib in Resources */ = {isa = PBXBuildFile; fileRef = FAB7425F1FA4CE35009C65E9 /* SlideMenuViewController.xib */; };
		FAB742661FA4DE87009C65E9 /* UIViewController.swift in Sources */ = {isa = PBXBuildFile; fileRef = FAB742651FA4DE87009C65E9 /* UIViewController.swift */; };
		FABBAE741FA5CD9A0052B4CC /* TVGuideViewController.swift in Sources */ = {isa = PBXBuildFile; fileRef = FABBAE721FA5CD9A0052B4CC /* TVGuideViewController.swift */; };
		FABBAE751FA5CD9A0052B4CC /* TVGuideViewController.xib in Resources */ = {isa = PBXBuildFile; fileRef = FABBAE731FA5CD9A0052B4CC /* TVGuideViewController.xib */; };
		FABBAE781FA5CE3D0052B4CC /* TVGuideCollectionViewCell.swift in Sources */ = {isa = PBXBuildFile; fileRef = FABBAE771FA5CE3D0052B4CC /* TVGuideCollectionViewCell.swift */; };
		FABBAE7A1FA5CE4D0052B4CC /* TVGuideCollectionViewCell.xib in Resources */ = {isa = PBXBuildFile; fileRef = FABBAE791FA5CE4D0052B4CC /* TVGuideCollectionViewCell.xib */; };
		FABBAE7D1FA5D11E0052B4CC /* TVGuide.swift in Sources */ = {isa = PBXBuildFile; fileRef = FABBAE7C1FA5D11E0052B4CC /* TVGuide.swift */; };
/* End PBXBuildFile section */

/* Begin PBXContainerItemProxy section */
		FA2ABCF01FA3326E00326B50 /* PBXContainerItemProxy */ = {
			isa = PBXContainerItemProxy;
			containerPortal = FA2ABCD31FA3326D00326B50 /* Project object */;
			proxyType = 1;
			remoteGlobalIDString = FA2ABCDA1FA3326E00326B50;
			remoteInfo = AstroTest;
		};
		FA2ABCFB1FA3326E00326B50 /* PBXContainerItemProxy */ = {
			isa = PBXContainerItemProxy;
			containerPortal = FA2ABCD31FA3326D00326B50 /* Project object */;
			proxyType = 1;
			remoteGlobalIDString = FA2ABCDA1FA3326E00326B50;
			remoteInfo = AstroTest;
		};
/* End PBXContainerItemProxy section */

/* Begin PBXFileReference section */
		2C0AB9CC3A6759541BB34B38 /* Pods-AstroTestUITests.release.xcconfig */ = {isa = PBXFileReference; includeInIndex = 1; lastKnownFileType = text.xcconfig; name = "Pods-AstroTestUITests.release.xcconfig"; path = "Pods/Target Support Files/Pods-AstroTestUITests/Pods-AstroTestUITests.release.xcconfig"; sourceTree = "<group>"; };
		38934C9B2EB91DB400864BF3 /* Pods_AstroTest.framework */ = {isa = PBXFileReference; explicitFileType = wrapper.framework; includeInIndex = 0; path = Pods_AstroTest.framework; sourceTree = BUILT_PRODUCTS_DIR; };
		4082E0D2C422612FB3084429 /* Pods-AstroTestTests.release.xcconfig */ = {isa = PBXFileReference; includeInIndex = 1; lastKnownFileType = text.xcconfig; name = "Pods-AstroTestTests.release.xcconfig"; path = "Pods/Target Support Files/Pods-AstroTestTests/Pods-AstroTestTests.release.xcconfig"; sourceTree = "<group>"; };
		56773DE52DC510A9964125ED /* Pods_AstroTestTests.framework */ = {isa = PBXFileReference; explicitFileType = wrapper.framework; includeInIndex = 0; path = Pods_AstroTestTests.framework; sourceTree = BUILT_PRODUCTS_DIR; };
		9AF85BC8CCEFE11BD6F521F1 /* Pods-AstroTestTests.debug.xcconfig */ = {isa = PBXFileReference; includeInIndex = 1; lastKnownFileType = text.xcconfig; name = "Pods-AstroTestTests.debug.xcconfig"; path = "Pods/Target Support Files/Pods-AstroTestTests/Pods-AstroTestTests.debug.xcconfig"; sourceTree = "<group>"; };
		B347C0E002E21127AB60FB3C /* Pods_AstroTestUITests.framework */ = {isa = PBXFileReference; explicitFileType = wrapper.framework; includeInIndex = 0; path = Pods_AstroTestUITests.framework; sourceTree = BUILT_PRODUCTS_DIR; };
		C03C7D0B40CB947AB965D5F7 /* Pods-AstroTestUITests.debug.xcconfig */ = {isa = PBXFileReference; includeInIndex = 1; lastKnownFileType = text.xcconfig; name = "Pods-AstroTestUITests.debug.xcconfig"; path = "Pods/Target Support Files/Pods-AstroTestUITests/Pods-AstroTestUITests.debug.xcconfig"; sourceTree = "<group>"; };
		C664CF8F083F5294BD42AA60 /* Pods-AstroTest.release.xcconfig */ = {isa = PBXFileReference; includeInIndex = 1; lastKnownFileType = text.xcconfig; name = "Pods-AstroTest.release.xcconfig"; path = "Pods/Target Support Files/Pods-AstroTest/Pods-AstroTest.release.xcconfig"; sourceTree = "<group>"; };
		FA2138DD1FA44BFD00DE84AC /* FirebaseDatabase.framework */ = {isa = PBXFileReference; lastKnownFileType = wrapper.framework; path = FirebaseDatabase.framework; sourceTree = "<group>"; };
		FA2138DE1FA44BFD00DE84AC /* leveldb-library.framework */ = {isa = PBXFileReference; lastKnownFileType = wrapper.framework; path = "leveldb-library.framework"; sourceTree = "<group>"; };
		FA2138E31FA460E500DE84AC /* UserRequest.swift */ = {isa = PBXFileReference; fileEncoding = 4; lastKnownFileType = sourcecode.swift; path = UserRequest.swift; sourceTree = "<group>"; };
		FA2ABCDB1FA3326E00326B50 /* AstroTest.app */ = {isa = PBXFileReference; explicitFileType = wrapper.application; includeInIndex = 0; path = AstroTest.app; sourceTree = BUILT_PRODUCTS_DIR; };
		FA2ABCDE1FA3326E00326B50 /* AppDelegate.swift */ = {isa = PBXFileReference; lastKnownFileType = sourcecode.swift; path = AppDelegate.swift; sourceTree = "<group>"; };
		FA2ABCE31FA3326E00326B50 /* Base */ = {isa = PBXFileReference; lastKnownFileType = file.storyboard; name = Base; path = Base.lproj/Main.storyboard; sourceTree = "<group>"; };
		FA2ABCE51FA3326E00326B50 /* Assets.xcassets */ = {isa = PBXFileReference; lastKnownFileType = folder.assetcatalog; path = Assets.xcassets; sourceTree = "<group>"; };
		FA2ABCE81FA3326E00326B50 /* Base */ = {isa = PBXFileReference; lastKnownFileType = file.storyboard; name = Base; path = Base.lproj/LaunchScreen.storyboard; sourceTree = "<group>"; };
		FA2ABCEA1FA3326E00326B50 /* Info.plist */ = {isa = PBXFileReference; lastKnownFileType = text.plist.xml; path = Info.plist; sourceTree = "<group>"; };
		FA2ABCEF1FA3326E00326B50 /* AstroTestTests.xctest */ = {isa = PBXFileReference; explicitFileType = wrapper.cfbundle; includeInIndex = 0; path = AstroTestTests.xctest; sourceTree = BUILT_PRODUCTS_DIR; };
		FA2ABCF31FA3326E00326B50 /* AstroTestTests.swift */ = {isa = PBXFileReference; lastKnownFileType = sourcecode.swift; path = AstroTestTests.swift; sourceTree = "<group>"; };
		FA2ABCF51FA3326E00326B50 /* Info.plist */ = {isa = PBXFileReference; lastKnownFileType = text.plist.xml; path = Info.plist; sourceTree = "<group>"; };
		FA2ABCFA1FA3326E00326B50 /* AstroTestUITests.xctest */ = {isa = PBXFileReference; explicitFileType = wrapper.cfbundle; includeInIndex = 0; path = AstroTestUITests.xctest; sourceTree = BUILT_PRODUCTS_DIR; };
		FA2ABCFE1FA3326E00326B50 /* AstroTestUITests.swift */ = {isa = PBXFileReference; lastKnownFileType = sourcecode.swift; path = AstroTestUITests.swift; sourceTree = "<group>"; };
		FA2ABD001FA3326E00326B50 /* Info.plist */ = {isa = PBXFileReference; lastKnownFileType = text.plist.xml; path = Info.plist; sourceTree = "<group>"; };
		FA2ABD181FA3347000326B50 /* BaseViewController.swift */ = {isa = PBXFileReference; fileEncoding = 4; lastKnownFileType = sourcecode.swift; path = BaseViewController.swift; sourceTree = "<group>"; };
		FA2ABD1A1FA3348D00326B50 /* HomeViewController.swift */ = {isa = PBXFileReference; fileEncoding = 4; lastKnownFileType = sourcecode.swift; path = HomeViewController.swift; sourceTree = "<group>"; };
		FA2ABD1B1FA3348D00326B50 /* HomeViewController.xib */ = {isa = PBXFileReference; fileEncoding = 4; lastKnownFileType = file.xib; path = HomeViewController.xib; sourceTree = "<group>"; };
		FA2ABD1E1FA3349A00326B50 /* MenuViewController.swift */ = {isa = PBXFileReference; fileEncoding = 4; lastKnownFileType = sourcecode.swift; path = MenuViewController.swift; sourceTree = "<group>"; };
		FA2ABD1F1FA3349A00326B50 /* MenuViewController.xib */ = {isa = PBXFileReference; fileEncoding = 4; lastKnownFileType = file.xib; path = MenuViewController.xib; sourceTree = "<group>"; };
		FA2ABD221FA3350C00326B50 /* ChannelsListViewController.swift */ = {isa = PBXFileReference; fileEncoding = 4; lastKnownFileType = sourcecode.swift; path = ChannelsListViewController.swift; sourceTree = "<group>"; };
		FA2ABD231FA3350C00326B50 /* ChannelsListViewController.xib */ = {isa = PBXFileReference; fileEncoding = 4; lastKnownFileType = file.xib; path = ChannelsListViewController.xib; sourceTree = "<group>"; };
		FA2ABD261FA3351B00326B50 /* DetailChannelViewController.swift */ = {isa = PBXFileReference; fileEncoding = 4; lastKnownFileType = sourcecode.swift; path = DetailChannelViewController.swift; sourceTree = "<group>"; };
		FA2ABD271FA3351B00326B50 /* DetailChannelViewController.xib */ = {isa = PBXFileReference; fileEncoding = 4; lastKnownFileType = file.xib; path = DetailChannelViewController.xib; sourceTree = "<group>"; };
		FA2ABD2B1FA3357C00326B50 /* SlideMenuViewController.swift */ = {isa = PBXFileReference; fileEncoding = 4; lastKnownFileType = sourcecode.swift; path = SlideMenuViewController.swift; sourceTree = "<group>"; };
		FA2ABD301FA335B300326B50 /* LoginViewController.swift */ = {isa = PBXFileReference; fileEncoding = 4; lastKnownFileType = sourcecode.swift; path = LoginViewController.swift; sourceTree = "<group>"; };
		FA2ABD311FA335B300326B50 /* LoginViewController.xib */ = {isa = PBXFileReference; fileEncoding = 4; lastKnownFileType = file.xib; path = LoginViewController.xib; sourceTree = "<group>"; };
		FA2ABD351FA335FF00326B50 /* Utils.swift */ = {isa = PBXFileReference; fileEncoding = 4; lastKnownFileType = sourcecode.swift; path = Utils.swift; sourceTree = "<group>"; };
		FA2ABD381FA3361600326B50 /* Constants.swift */ = {isa = PBXFileReference; fileEncoding = 4; lastKnownFileType = sourcecode.swift; path = Constants.swift; sourceTree = "<group>"; };
		FA2ABD3B1FA3365400326B50 /* Application.swift */ = {isa = PBXFileReference; fileEncoding = 4; lastKnownFileType = sourcecode.swift; path = Application.swift; sourceTree = "<group>"; };
		FA2ABD421FA3370200326B50 /* API.swift */ = {isa = PBXFileReference; fileEncoding = 4; lastKnownFileType = sourcecode.swift; path = API.swift; sourceTree = "<group>"; };
		FA2ABD441FA3373A00326B50 /* ChannelsRequest.swift */ = {isa = PBXFileReference; fileEncoding = 4; lastKnownFileType = sourcecode.swift; path = ChannelsRequest.swift; sourceTree = "<group>"; };
		FA2ABD461FA3376600326B50 /* TVGuideRequest.swift */ = {isa = PBXFileReference; fileEncoding = 4; lastKnownFileType = sourcecode.swift; path = TVGuideRequest.swift; sourceTree = "<group>"; };
		FA2ABD491FA337D900326B50 /* BaseObject.swift */ = {isa = PBXFileReference; fileEncoding = 4; lastKnownFileType = sourcecode.swift; path = BaseObject.swift; sourceTree = "<group>"; };
		FA2ABD4B1FA337F300326B50 /* RequestDetail.swift */ = {isa = PBXFileReference; fileEncoding = 4; lastKnownFileType = sourcecode.swift; path = RequestDetail.swift; sourceTree = "<group>"; };
		FA2ABD4D1FA3380C00326B50 /* ChannelParams.swift */ = {isa = PBXFileReference; fileEncoding = 4; lastKnownFileType = sourcecode.swift; path = ChannelParams.swift; sourceTree = "<group>"; };
		FA2ABD4F1FA3381C00326B50 /* TVGuideParams.swift */ = {isa = PBXFileReference; fileEncoding = 4; lastKnownFileType = sourcecode.swift; path = TVGuideParams.swift; sourceTree = "<group>"; };
		FA2ABD511FA338EC00326B50 /* Request.swift */ = {isa = PBXFileReference; fileEncoding = 4; lastKnownFileType = sourcecode.swift; path = Request.swift; sourceTree = "<group>"; };
		FA2ABD571FA33A7100326B50 /* BaseTableViewCell.swift */ = {isa = PBXFileReference; fileEncoding = 4; lastKnownFileType = sourcecode.swift; path = BaseTableViewCell.swift; sourceTree = "<group>"; };
		FA2ABD591FA33A8500326B50 /* BaseCollectionViewCell.swift */ = {isa = PBXFileReference; fileEncoding = 4; lastKnownFileType = sourcecode.swift; path = BaseCollectionViewCell.swift; sourceTree = "<group>"; };
		FA2ABD5C1FA33AF800326B50 /* BaseView.swift */ = {isa = PBXFileReference; fileEncoding = 4; lastKnownFileType = sourcecode.swift; path = BaseView.swift; sourceTree = "<group>"; };
		FA2ABD6C1FA33BF100326B50 /* BaseTableView.swift */ = {isa = PBXFileReference; fileEncoding = 4; lastKnownFileType = sourcecode.swift; path = BaseTableView.swift; sourceTree = "<group>"; };
		FA2ABD6E1FA33C0700326B50 /* ConfigTableView.swift */ = {isa = PBXFileReference; fileEncoding = 4; lastKnownFileType = sourcecode.swift; path = ConfigTableView.swift; sourceTree = "<group>"; };
		FA2ABD701FA33C2900326B50 /* ConfigTableViewLayout.swift */ = {isa = PBXFileReference; fileEncoding = 4; lastKnownFileType = sourcecode.swift; path = ConfigTableViewLayout.swift; sourceTree = "<group>"; };
		FA2ABD731FA3416800326B50 /* ChannelTableViewCell.swift */ = {isa = PBXFileReference; fileEncoding = 4; lastKnownFileType = sourcecode.swift; path = ChannelTableViewCell.swift; sourceTree = "<group>"; };
		FA2ABD751FA3483A00326B50 /* BaseCollectionView.swift */ = {isa = PBXFileReference; fileEncoding = 4; lastKnownFileType = sourcecode.swift; path = BaseCollectionView.swift; sourceTree = "<group>"; };
		FA2ABD771FA3484D00326B50 /* ConfigCollectionView.swift */ = {isa = PBXFileReference; fileEncoding = 4; lastKnownFileType = sourcecode.swift; path = ConfigCollectionView.swift; sourceTree = "<group>"; };
		FA2ABD791FA3485D00326B50 /* ConfigCollectionViewFlowLayout.swift */ = {isa = PBXFileReference; fileEncoding = 4; lastKnownFileType = sourcecode.swift; path = ConfigCollectionViewFlowLayout.swift; sourceTree = "<group>"; };
		FA5D4F191FA3537700CA8809 /* Channel.swift */ = {isa = PBXFileReference; fileEncoding = 4; lastKnownFileType = sourcecode.swift; path = Channel.swift; sourceTree = "<group>"; };
		FA5D4F1C1FA3577C00CA8809 /* DataManager.swift */ = {isa = PBXFileReference; fileEncoding = 4; lastKnownFileType = sourcecode.swift; path = DataManager.swift; sourceTree = "<group>"; };
		FA5D4F1E1FA358D400CA8809 /* LocalDataManager.swift */ = {isa = PBXFileReference; fileEncoding = 4; lastKnownFileType = sourcecode.swift; path = LocalDataManager.swift; sourceTree = "<group>"; };
		FA5D4F201FA358E200CA8809 /* AWSDataManager.swift */ = {isa = PBXFileReference; fileEncoding = 4; lastKnownFileType = sourcecode.swift; path = AWSDataManager.swift; sourceTree = "<group>"; };
		FA5D4F261FA38ADD00CA8809 /* SortChannel.swift */ = {isa = PBXFileReference; fileEncoding = 4; lastKnownFileType = sourcecode.swift; path = SortChannel.swift; sourceTree = "<group>"; };
		FA5D4F311FA3915C00CA8809 /* SafariServices.framework */ = {isa = PBXFileReference; lastKnownFileType = wrapper.framework; name = SafariServices.framework; path = System/Library/Frameworks/SafariServices.framework; sourceTree = SDKROOT; };
		FA5D4F331FA3916500CA8809 /* SystemConfiguration.framework */ = {isa = PBXFileReference; lastKnownFileType = wrapper.framework; name = SystemConfiguration.framework; path = System/Library/Frameworks/SystemConfiguration.framework; sourceTree = SDKROOT; };
		FA5D4F3C1FA393FC00CA8809 /* AstroTest-Bridging-Header.h */ = {isa = PBXFileReference; lastKnownFileType = sourcecode.c.h; name = "AstroTest-Bridging-Header.h"; path = "../AstroTest-Bridging-Header.h"; sourceTree = "<group>"; };
		FA60FB551FA398C8001EE5AA /* GoogleSignIn.bundle */ = {isa = PBXFileReference; lastKnownFileType = "wrapper.plug-in"; path = GoogleSignIn.bundle; sourceTree = "<group>"; };
		FA60FB561FA398C8001EE5AA /* GoogleSignIn.framework */ = {isa = PBXFileReference; lastKnownFileType = wrapper.framework; path = GoogleSignIn.framework; sourceTree = "<group>"; };
		FA60FB571FA398C8001EE5AA /* GoogleSignInDependencies.framework */ = {isa = PBXFileReference; lastKnownFileType = wrapper.framework; path = GoogleSignInDependencies.framework; sourceTree = "<group>"; };
		FA60FB671FA3A2F5001EE5AA /* FBSDKCoreKit.framework */ = {isa = PBXFileReference; lastKnownFileType = wrapper.framework; path = FBSDKCoreKit.framework; sourceTree = "<group>"; };
		FA60FB681FA3A2F5001EE5AA /* FBSDKLoginKit.framework */ = {isa = PBXFileReference; lastKnownFileType = wrapper.framework; path = FBSDKLoginKit.framework; sourceTree = "<group>"; };
		FA60FB6B1FA3A537001EE5AA /* AccountKit.framework */ = {isa = PBXFileReference; lastKnownFileType = wrapper.framework; path = AccountKit.framework; sourceTree = "<group>"; };
		FA60FB6C1FA3A537001EE5AA /* AccountKitStrings.bundle */ = {isa = PBXFileReference; lastKnownFileType = "wrapper.plug-in"; path = AccountKitStrings.bundle; sourceTree = "<group>"; };
		FA60FB6D1FA3A537001EE5AA /* Bolts.framework */ = {isa = PBXFileReference; lastKnownFileType = wrapper.framework; path = Bolts.framework; sourceTree = "<group>"; };
		FA60FB6E1FA3A537001EE5AA /* FacebookSDKStrings.bundle */ = {isa = PBXFileReference; lastKnownFileType = "wrapper.plug-in"; path = FacebookSDKStrings.bundle; sourceTree = "<group>"; };
		FA60FB7B1FA3B3EC001EE5AA /* GoogleService-Info.plist */ = {isa = PBXFileReference; fileEncoding = 4; lastKnownFileType = text.plist.xml; path = "GoogleService-Info.plist"; sourceTree = "<group>"; };
		FAB5AFFB1FA56AED00E74358 /* MenuTableViewCell.swift */ = {isa = PBXFileReference; fileEncoding = 4; lastKnownFileType = sourcecode.swift; path = MenuTableViewCell.swift; sourceTree = "<group>"; };
		FAB5AFFD1FA56AF900E74358 /* MenuTableViewCell.xib */ = {isa = PBXFileReference; fileEncoding = 4; lastKnownFileType = file.xib; path = MenuTableViewCell.xib; sourceTree = "<group>"; };
		FAB5B0011FA56B3E00E74358 /* MenuFooterView.swift */ = {isa = PBXFileReference; fileEncoding = 4; lastKnownFileType = sourcecode.swift; path = MenuFooterView.swift; sourceTree = "<group>"; };
		FAB5B0031FA56B4800E74358 /* MenuFooterView.xib */ = {isa = PBXFileReference; fileEncoding = 4; lastKnownFileType = file.xib; path = MenuFooterView.xib; sourceTree = "<group>"; };
		FAB5B0051FA56B5600E74358 /* MenuHeader.swift */ = {isa = PBXFileReference; fileEncoding = 4; lastKnownFileType = sourcecode.swift; path = MenuHeader.swift; sourceTree = "<group>"; };
		FAB5B0071FA56B6000E74358 /* MenuHeader.xib */ = {isa = PBXFileReference; fileEncoding = 4; lastKnownFileType = file.xib; path = MenuHeader.xib; sourceTree = "<group>"; };
		FAB5B00A1FA56C7100E74358 /* Menu.swift */ = {isa = PBXFileReference; fileEncoding = 4; lastKnownFileType = sourcecode.swift; path = Menu.swift; sourceTree = "<group>"; };
		FAB5B00C1FA57B7B00E74358 /* ChannelTableViewCell.xib */ = {isa = PBXFileReference; fileEncoding = 4; lastKnownFileType = file.xib; path = ChannelTableViewCell.xib; sourceTree = "<group>"; };
		FAB5B00F1FA598F500E74358 /* FavoriesCollectionViewCell.swift */ = {isa = PBXFileReference; fileEncoding = 4; lastKnownFileType = sourcecode.swift; path = FavoriesCollectionViewCell.swift; sourceTree = "<group>"; };
		FAB5B0111FA598FD00E74358 /* FavoriesCollectionViewCell.xib */ = {isa = PBXFileReference; fileEncoding = 4; lastKnownFileType = file.xib; path = FavoriesCollectionViewCell.xib; sourceTree = "<group>"; };
		FAB5B0131FA5AEED00E74358 /* FirebaseDataManager.swift */ = {isa = PBXFileReference; fileEncoding = 4; lastKnownFileType = sourcecode.swift; path = FirebaseDataManager.swift; sourceTree = "<group>"; };
		FAB7425F1FA4CE35009C65E9 /* SlideMenuViewController.xib */ = {isa = PBXFileReference; fileEncoding = 4; lastKnownFileType = file.xib; path = SlideMenuViewController.xib; sourceTree = "<group>"; };
		FAB742651FA4DE87009C65E9 /* UIViewController.swift */ = {isa = PBXFileReference; fileEncoding = 4; lastKnownFileType = sourcecode.swift; path = UIViewController.swift; sourceTree = "<group>"; };
		FABBAE721FA5CD9A0052B4CC /* TVGuideViewController.swift */ = {isa = PBXFileReference; fileEncoding = 4; lastKnownFileType = sourcecode.swift; path = TVGuideViewController.swift; sourceTree = "<group>"; };
		FABBAE731FA5CD9A0052B4CC /* TVGuideViewController.xib */ = {isa = PBXFileReference; fileEncoding = 4; lastKnownFileType = file.xib; path = TVGuideViewController.xib; sourceTree = "<group>"; };
		FABBAE771FA5CE3D0052B4CC /* TVGuideCollectionViewCell.swift */ = {isa = PBXFileReference; fileEncoding = 4; lastKnownFileType = sourcecode.swift; path = TVGuideCollectionViewCell.swift; sourceTree = "<group>"; };
		FABBAE791FA5CE4D0052B4CC /* TVGuideCollectionViewCell.xib */ = {isa = PBXFileReference; fileEncoding = 4; lastKnownFileType = file.xib; path = TVGuideCollectionViewCell.xib; sourceTree = "<group>"; };
		FABBAE7C1FA5D11E0052B4CC /* TVGuide.swift */ = {isa = PBXFileReference; fileEncoding = 4; lastKnownFileType = sourcecode.swift; path = TVGuide.swift; sourceTree = "<group>"; };
		FB97DE668D8DB9348B908A93 /* Pods-AstroTest.debug.xcconfig */ = {isa = PBXFileReference; includeInIndex = 1; lastKnownFileType = text.xcconfig; name = "Pods-AstroTest.debug.xcconfig"; path = "Pods/Target Support Files/Pods-AstroTest/Pods-AstroTest.debug.xcconfig"; sourceTree = "<group>"; };
/* End PBXFileReference section */

/* Begin PBXFrameworksBuildPhase section */
		FA2ABCD81FA3326E00326B50 /* Frameworks */ = {
			isa = PBXFrameworksBuildPhase;
			buildActionMask = 2147483647;
			files = (
				FA2138DF1FA44BFD00DE84AC /* FirebaseDatabase.framework in Frameworks */,
				FA60FB691FA3A2F5001EE5AA /* FBSDKCoreKit.framework in Frameworks */,
				FA60FB5C1FA39946001EE5AA /* SafariServices.framework in Frameworks */,
				FA60FB731FA3A537001EE5AA /* AccountKit.framework in Frameworks */,
				FA60FB6A1FA3A2F5001EE5AA /* FBSDKLoginKit.framework in Frameworks */,
				FA60FB5B1FA39941001EE5AA /* SystemConfiguration.framework in Frameworks */,
				FA60FB5A1FA398C8001EE5AA /* GoogleSignInDependencies.framework in Frameworks */,
				FA60FB591FA398C8001EE5AA /* GoogleSignIn.framework in Frameworks */,
				FA60FB751FA3A537001EE5AA /* Bolts.framework in Frameworks */,
				FA2138E01FA44BFD00DE84AC /* leveldb-library.framework in Frameworks */,
				FA9A4954A9EED41228503F98 /* Pods_AstroTest.framework in Frameworks */,
			);
			runOnlyForDeploymentPostprocessing = 0;
		};
		FA2ABCEC1FA3326E00326B50 /* Frameworks */ = {
			isa = PBXFrameworksBuildPhase;
			buildActionMask = 2147483647;
			files = (
				0902C73B0B37CBE85DF2FA15 /* Pods_AstroTestTests.framework in Frameworks */,
			);
			runOnlyForDeploymentPostprocessing = 0;
		};
		FA2ABCF71FA3326E00326B50 /* Frameworks */ = {
			isa = PBXFrameworksBuildPhase;
			buildActionMask = 2147483647;
			files = (
				9ECB8F85EAF0754380F39357 /* Pods_AstroTestUITests.framework in Frameworks */,
			);
			runOnlyForDeploymentPostprocessing = 0;
		};
/* End PBXFrameworksBuildPhase section */

/* Begin PBXGroup section */
		9EFBD37605487B58AE32F24A /* Pods */ = {
			isa = PBXGroup;
			children = (
				FB97DE668D8DB9348B908A93 /* Pods-AstroTest.debug.xcconfig */,
				C664CF8F083F5294BD42AA60 /* Pods-AstroTest.release.xcconfig */,
				9AF85BC8CCEFE11BD6F521F1 /* Pods-AstroTestTests.debug.xcconfig */,
				4082E0D2C422612FB3084429 /* Pods-AstroTestTests.release.xcconfig */,
				C03C7D0B40CB947AB965D5F7 /* Pods-AstroTestUITests.debug.xcconfig */,
				2C0AB9CC3A6759541BB34B38 /* Pods-AstroTestUITests.release.xcconfig */,
			);
			name = Pods;
			sourceTree = "<group>";
		};
		FA2138DC1FA44BFD00DE84AC /* Firebase */ = {
			isa = PBXGroup;
			children = (
				FA2138DD1FA44BFD00DE84AC /* FirebaseDatabase.framework */,
				FA2138DE1FA44BFD00DE84AC /* leveldb-library.framework */,
			);
			path = Firebase;
			sourceTree = "<group>";
		};
		FA2ABCD21FA3326D00326B50 = {
			isa = PBXGroup;
			children = (
				FA2ABCDD1FA3326E00326B50 /* AstroTest */,
				FA2ABCF21FA3326E00326B50 /* AstroTestTests */,
				FA2ABCFD1FA3326E00326B50 /* AstroTestUITests */,
				FA2ABCDC1FA3326E00326B50 /* Products */,
				FA5D4F301FA3915C00CA8809 /* Frameworks */,
				9EFBD37605487B58AE32F24A /* Pods */,
			);
			sourceTree = "<group>";
		};
		FA2ABCDC1FA3326E00326B50 /* Products */ = {
			isa = PBXGroup;
			children = (
				FA2ABCDB1FA3326E00326B50 /* AstroTest.app */,
				FA2ABCEF1FA3326E00326B50 /* AstroTestTests.xctest */,
				FA2ABCFA1FA3326E00326B50 /* AstroTestUITests.xctest */,
			);
			name = Products;
			sourceTree = "<group>";
		};
		FA2ABCDD1FA3326E00326B50 /* AstroTest */ = {
			isa = PBXGroup;
			children = (
				FA2ABD3A1FA3361900326B50 /* Application */,
				FA2ABD0C1FA332D800326B50 /* Controllers */,
				FA2ABD371FA3360800326B50 /* Constants */,
				FAB742641FA4DE87009C65E9 /* Extension */,
				FA2ABD341FA335EE00326B50 /* Utils */,
				FA2ABD0D1FA332D800326B50 /* Models */,
				FA5D4F281FA3911B00CA8809 /* Libs */,
				FA2ABD0E1FA332D800326B50 /* Resources */,
				FA2ABD101FA332D800326B50 /* Views */,
				FA2ABCDE1FA3326E00326B50 /* AppDelegate.swift */,
				FA2ABCE21FA3326E00326B50 /* Main.storyboard */,
				FA2ABCE51FA3326E00326B50 /* Assets.xcassets */,
				FA2ABCE71FA3326E00326B50 /* LaunchScreen.storyboard */,
				FA60FB7B1FA3B3EC001EE5AA /* GoogleService-Info.plist */,
				FA2ABCEA1FA3326E00326B50 /* Info.plist */,
			);
			path = AstroTest;
			sourceTree = "<group>";
		};
		FA2ABCF21FA3326E00326B50 /* AstroTestTests */ = {
			isa = PBXGroup;
			children = (
				FA2ABCF31FA3326E00326B50 /* AstroTestTests.swift */,
				FA2ABCF51FA3326E00326B50 /* Info.plist */,
			);
			path = AstroTestTests;
			sourceTree = "<group>";
		};
		FA2ABCFD1FA3326E00326B50 /* AstroTestUITests */ = {
			isa = PBXGroup;
			children = (
				FA2ABCFE1FA3326E00326B50 /* AstroTestUITests.swift */,
				FA2ABD001FA3326E00326B50 /* Info.plist */,
			);
			path = AstroTestUITests;
			sourceTree = "<group>";
		};
		FA2ABD0C1FA332D800326B50 /* Controllers */ = {
			isa = PBXGroup;
			children = (
				FA2ABD171FA3345C00326B50 /* Base */,
				FA2ABD131FA3337300326B50 /* Chanel */,
				FA2ABD2F1FA3359700326B50 /* Login */,
				FABBAE711FA5CD7C0052B4CC /* TVGuide */,
				FA2ABD161FA3341700326B50 /* Slide */,
			);
			path = Controllers;
			sourceTree = "<group>";
		};
		FA2ABD0D1FA332D800326B50 /* Models */ = {
			isa = PBXGroup;
			children = (
				FA2ABD481FA337CF00326B50 /* Base */,
				FA5D4F181FA3536200CA8809 /* Channel */,
				FAB5B0091FA56C5B00E74358 /* Menu */,
				FA5D4F1B1FA3571800CA8809 /* DataManager */,
				FA5D4F231FA38A7C00CA8809 /* FilterSort */,
				FABBAE7B1FA5D1040052B4CC /* TVGuide */,
				FA2ABD3D1FA3366600326B50 /* Request */,
			);
			path = Models;
			sourceTree = "<group>";
		};
		FA2ABD0E1FA332D800326B50 /* Resources */ = {
			isa = PBXGroup;
			children = (
				FA2ABD0F1FA332D800326B50 /* Images */,
			);
			path = Resources;
			sourceTree = "<group>";
		};
		FA2ABD0F1FA332D800326B50 /* Images */ = {
			isa = PBXGroup;
			children = (
			);
			path = Images;
			sourceTree = "<group>";
		};
		FA2ABD101FA332D800326B50 /* Views */ = {
			isa = PBXGroup;
			children = (
				FA2ABD5B1FA33AEB00326B50 /* Base */,
				FA2ABD5E1FA33B3D00326B50 /* CollectionView */,
				FA2ABD541FA33A4F00326B50 /* CollectionViewCell */,
				FA2ABD531FA33A4A00326B50 /* TableViewCell */,
				FA2ABD5F1FA33B4200326B50 /* TableView */,
			);
			path = Views;
			sourceTree = "<group>";
		};
		FA2ABD111FA3335500326B50 /* Home */ = {
			isa = PBXGroup;
			children = (
				FA2ABD1A1FA3348D00326B50 /* HomeViewController.swift */,
				FA2ABD1B1FA3348D00326B50 /* HomeViewController.xib */,
			);
			name = Home;
			sourceTree = "<group>";
		};
		FA2ABD121FA3335900326B50 /* Menu */ = {
			isa = PBXGroup;
			children = (
				FAB5AFF91FA56ABD00E74358 /* Base */,
				FAB5AFFA1FA56AC700E74358 /* Cell */,
				FAB5AFFF1FA56B0300E74358 /* Footer */,
				FAB5B0001FA56B0F00E74358 /* Header */,
			);
			name = Menu;
			sourceTree = "<group>";
		};
		FA2ABD131FA3337300326B50 /* Chanel */ = {
			isa = PBXGroup;
			children = (
				FA2ABD151FA3338B00326B50 /* DetailChanel */,
				FA2ABD141FA3338400326B50 /* ChannelsList */,
			);
			name = Chanel;
			sourceTree = "<group>";
		};
		FA2ABD141FA3338400326B50 /* ChannelsList */ = {
			isa = PBXGroup;
			children = (
				FA2ABD221FA3350C00326B50 /* ChannelsListViewController.swift */,
				FA2ABD231FA3350C00326B50 /* ChannelsListViewController.xib */,
			);
			name = ChannelsList;
			sourceTree = "<group>";
		};
		FA2ABD151FA3338B00326B50 /* DetailChanel */ = {
			isa = PBXGroup;
			children = (
				FA2ABD261FA3351B00326B50 /* DetailChannelViewController.swift */,
				FA2ABD271FA3351B00326B50 /* DetailChannelViewController.xib */,
			);
			name = DetailChanel;
			sourceTree = "<group>";
		};
		FA2ABD161FA3341700326B50 /* Slide */ = {
			isa = PBXGroup;
			children = (
				FA2ABD2A1FA3356A00326B50 /* Base */,
				FA2ABD111FA3335500326B50 /* Home */,
				FA2ABD121FA3335900326B50 /* Menu */,
			);
			name = Slide;
			sourceTree = "<group>";
		};
		FA2ABD171FA3345C00326B50 /* Base */ = {
			isa = PBXGroup;
			children = (
				FA2ABD181FA3347000326B50 /* BaseViewController.swift */,
			);
			name = Base;
			sourceTree = "<group>";
		};
		FA2ABD2A1FA3356A00326B50 /* Base */ = {
			isa = PBXGroup;
			children = (
				FA2ABD2B1FA3357C00326B50 /* SlideMenuViewController.swift */,
				FAB7425F1FA4CE35009C65E9 /* SlideMenuViewController.xib */,
			);
			name = Base;
			sourceTree = "<group>";
		};
		FA2ABD2F1FA3359700326B50 /* Login */ = {
			isa = PBXGroup;
			children = (
				FA2ABD301FA335B300326B50 /* LoginViewController.swift */,
				FA2ABD311FA335B300326B50 /* LoginViewController.xib */,
			);
			name = Login;
			sourceTree = "<group>";
		};
		FA2ABD341FA335EE00326B50 /* Utils */ = {
			isa = PBXGroup;
			children = (
				FA2ABD351FA335FF00326B50 /* Utils.swift */,
			);
			name = Utils;
			sourceTree = "<group>";
		};
		FA2ABD371FA3360800326B50 /* Constants */ = {
			isa = PBXGroup;
			children = (
				FA2ABD381FA3361600326B50 /* Constants.swift */,
			);
			name = Constants;
			sourceTree = "<group>";
		};
		FA2ABD3A1FA3361900326B50 /* Application */ = {
			isa = PBXGroup;
			children = (
				FA2ABD3B1FA3365400326B50 /* Application.swift */,
			);
			name = Application;
			sourceTree = "<group>";
		};
		FA2ABD3D1FA3366600326B50 /* Request */ = {
			isa = PBXGroup;
			children = (
				FA2ABD411FA336F800326B50 /* API */,
				FA2ABD3E1FA3369A00326B50 /* Clients */,
				FA2ABD3F1FA3369F00326B50 /* Details */,
				FA2ABD401FA336AA00326B50 /* Params */,
			);
			name = Request;
			sourceTree = "<group>";
		};
		FA2ABD3E1FA3369A00326B50 /* Clients */ = {
			isa = PBXGroup;
			children = (
				FA2ABD441FA3373A00326B50 /* ChannelsRequest.swift */,
				FA2ABD461FA3376600326B50 /* TVGuideRequest.swift */,
				FA2ABD511FA338EC00326B50 /* Request.swift */,
				FA2138E31FA460E500DE84AC /* UserRequest.swift */,
			);
			name = Clients;
			sourceTree = "<group>";
		};
		FA2ABD3F1FA3369F00326B50 /* Details */ = {
			isa = PBXGroup;
			children = (
				FA2ABD4B1FA337F300326B50 /* RequestDetail.swift */,
			);
			name = Details;
			sourceTree = "<group>";
		};
		FA2ABD401FA336AA00326B50 /* Params */ = {
			isa = PBXGroup;
			children = (
				FA2ABD4D1FA3380C00326B50 /* ChannelParams.swift */,
				FA2ABD4F1FA3381C00326B50 /* TVGuideParams.swift */,
			);
			name = Params;
			sourceTree = "<group>";
		};
		FA2ABD411FA336F800326B50 /* API */ = {
			isa = PBXGroup;
			children = (
				FA2ABD421FA3370200326B50 /* API.swift */,
			);
			name = API;
			sourceTree = "<group>";
		};
		FA2ABD481FA337CF00326B50 /* Base */ = {
			isa = PBXGroup;
			children = (
				FA2ABD491FA337D900326B50 /* BaseObject.swift */,
			);
			name = Base;
			sourceTree = "<group>";
		};
		FA2ABD531FA33A4A00326B50 /* TableViewCell */ = {
			isa = PBXGroup;
			children = (
				FA2ABD551FA33A5700326B50 /* Base */,
				FA2ABD721FA3414E00326B50 /* Channel */,
			);
			name = TableViewCell;
			sourceTree = "<group>";
		};
		FA2ABD541FA33A4F00326B50 /* CollectionViewCell */ = {
			isa = PBXGroup;
			children = (
				FA2ABD561FA33A5D00326B50 /* Base */,
				FAB5B00E1FA598D500E74358 /* Favorites */,
				FABBAE761FA5CE170052B4CC /* TVGuide */,
			);
			name = CollectionViewCell;
			sourceTree = "<group>";
		};
		FA2ABD551FA33A5700326B50 /* Base */ = {
			isa = PBXGroup;
			children = (
				FA2ABD571FA33A7100326B50 /* BaseTableViewCell.swift */,
			);
			name = Base;
			sourceTree = "<group>";
		};
		FA2ABD561FA33A5D00326B50 /* Base */ = {
			isa = PBXGroup;
			children = (
				FA2ABD591FA33A8500326B50 /* BaseCollectionViewCell.swift */,
			);
			name = Base;
			sourceTree = "<group>";
		};
		FA2ABD5B1FA33AEB00326B50 /* Base */ = {
			isa = PBXGroup;
			children = (
				FA2ABD5C1FA33AF800326B50 /* BaseView.swift */,
			);
			name = Base;
			sourceTree = "<group>";
		};
		FA2ABD5E1FA33B3D00326B50 /* CollectionView */ = {
			isa = PBXGroup;
			children = (
				FA2ABD751FA3483A00326B50 /* BaseCollectionView.swift */,
				FA2ABD771FA3484D00326B50 /* ConfigCollectionView.swift */,
				FA2ABD791FA3485D00326B50 /* ConfigCollectionViewFlowLayout.swift */,
			);
			name = CollectionView;
			sourceTree = "<group>";
		};
		FA2ABD5F1FA33B4200326B50 /* TableView */ = {
			isa = PBXGroup;
			children = (
				FA2ABD6C1FA33BF100326B50 /* BaseTableView.swift */,
				FA2ABD6E1FA33C0700326B50 /* ConfigTableView.swift */,
				FA2ABD701FA33C2900326B50 /* ConfigTableViewLayout.swift */,
			);
			name = TableView;
			sourceTree = "<group>";
		};
		FA2ABD721FA3414E00326B50 /* Channel */ = {
			isa = PBXGroup;
			children = (
				FA2ABD731FA3416800326B50 /* ChannelTableViewCell.swift */,
				FAB5B00C1FA57B7B00E74358 /* ChannelTableViewCell.xib */,
			);
			name = Channel;
			sourceTree = "<group>";
		};
		FA5D4F181FA3536200CA8809 /* Channel */ = {
			isa = PBXGroup;
			children = (
				FA5D4F191FA3537700CA8809 /* Channel.swift */,
			);
			name = Channel;
			sourceTree = "<group>";
		};
		FA5D4F1B1FA3571800CA8809 /* DataManager */ = {
			isa = PBXGroup;
			children = (
				FA5D4F1C1FA3577C00CA8809 /* DataManager.swift */,
				FA5D4F1E1FA358D400CA8809 /* LocalDataManager.swift */,
				FAB5B0131FA5AEED00E74358 /* FirebaseDataManager.swift */,
				FA5D4F201FA358E200CA8809 /* AWSDataManager.swift */,
			);
			name = DataManager;
			sourceTree = "<group>";
		};
		FA5D4F231FA38A7C00CA8809 /* FilterSort */ = {
			isa = PBXGroup;
			children = (
				FA5D4F261FA38ADD00CA8809 /* SortChannel.swift */,
			);
			name = FilterSort;
			sourceTree = "<group>";
		};
		FA5D4F281FA3911B00CA8809 /* Libs */ = {
			isa = PBXGroup;
			children = (
				FA5D4F3C1FA393FC00CA8809 /* AstroTest-Bridging-Header.h */,
				FA2138DC1FA44BFD00DE84AC /* Firebase */,
				FA60FB661FA3A2C8001EE5AA /* FacebookSDK */,
				FA60FB541FA398C8001EE5AA /* GoogleSignInSDK */,
			);
			path = Libs;
			sourceTree = "<group>";
		};
		FA5D4F301FA3915C00CA8809 /* Frameworks */ = {
			isa = PBXGroup;
			children = (
				FA5D4F331FA3916500CA8809 /* SystemConfiguration.framework */,
				FA5D4F311FA3915C00CA8809 /* SafariServices.framework */,
				38934C9B2EB91DB400864BF3 /* Pods_AstroTest.framework */,
				56773DE52DC510A9964125ED /* Pods_AstroTestTests.framework */,
				B347C0E002E21127AB60FB3C /* Pods_AstroTestUITests.framework */,
			);
			name = Frameworks;
			sourceTree = "<group>";
		};
		FA60FB541FA398C8001EE5AA /* GoogleSignInSDK */ = {
			isa = PBXGroup;
			children = (
				FA60FB551FA398C8001EE5AA /* GoogleSignIn.bundle */,
				FA60FB561FA398C8001EE5AA /* GoogleSignIn.framework */,
				FA60FB571FA398C8001EE5AA /* GoogleSignInDependencies.framework */,
			);
			path = GoogleSignInSDK;
			sourceTree = "<group>";
		};
		FA60FB661FA3A2C8001EE5AA /* FacebookSDK */ = {
			isa = PBXGroup;
			children = (
				FA60FB6B1FA3A537001EE5AA /* AccountKit.framework */,
				FA60FB6C1FA3A537001EE5AA /* AccountKitStrings.bundle */,
				FA60FB6D1FA3A537001EE5AA /* Bolts.framework */,
				FA60FB6E1FA3A537001EE5AA /* FacebookSDKStrings.bundle */,
				FA60FB671FA3A2F5001EE5AA /* FBSDKCoreKit.framework */,
				FA60FB681FA3A2F5001EE5AA /* FBSDKLoginKit.framework */,
			);
			path = FacebookSDK;
			sourceTree = "<group>";
		};
		FAB5AFF91FA56ABD00E74358 /* Base */ = {
			isa = PBXGroup;
			children = (
				FA2ABD1E1FA3349A00326B50 /* MenuViewController.swift */,
				FA2ABD1F1FA3349A00326B50 /* MenuViewController.xib */,
			);
			name = Base;
			sourceTree = "<group>";
		};
		FAB5AFFA1FA56AC700E74358 /* Cell */ = {
			isa = PBXGroup;
			children = (
				FAB5AFFB1FA56AED00E74358 /* MenuTableViewCell.swift */,
				FAB5AFFD1FA56AF900E74358 /* MenuTableViewCell.xib */,
			);
			name = Cell;
			sourceTree = "<group>";
		};
		FAB5AFFF1FA56B0300E74358 /* Footer */ = {
			isa = PBXGroup;
			children = (
				FAB5B0011FA56B3E00E74358 /* MenuFooterView.swift */,
				FAB5B0031FA56B4800E74358 /* MenuFooterView.xib */,
			);
			name = Footer;
			sourceTree = "<group>";
		};
		FAB5B0001FA56B0F00E74358 /* Header */ = {
			isa = PBXGroup;
			children = (
				FAB5B0051FA56B5600E74358 /* MenuHeader.swift */,
				FAB5B0071FA56B6000E74358 /* MenuHeader.xib */,
			);
			name = Header;
			sourceTree = "<group>";
		};
		FAB5B0091FA56C5B00E74358 /* Menu */ = {
			isa = PBXGroup;
			children = (
				FAB5B00A1FA56C7100E74358 /* Menu.swift */,
			);
			name = Menu;
			sourceTree = "<group>";
		};
		FAB5B00E1FA598D500E74358 /* Favorites */ = {
			isa = PBXGroup;
			children = (
				FAB5B00F1FA598F500E74358 /* FavoriesCollectionViewCell.swift */,
				FAB5B0111FA598FD00E74358 /* FavoriesCollectionViewCell.xib */,
			);
			name = Favorites;
			sourceTree = "<group>";
		};
		FAB742641FA4DE87009C65E9 /* Extension */ = {
			isa = PBXGroup;
			children = (
				FAB742651FA4DE87009C65E9 /* UIViewController.swift */,
			);
			path = Extension;
			sourceTree = "<group>";
		};
		FABBAE711FA5CD7C0052B4CC /* TVGuide */ = {
			isa = PBXGroup;
			children = (
				FABBAE721FA5CD9A0052B4CC /* TVGuideViewController.swift */,
				FABBAE731FA5CD9A0052B4CC /* TVGuideViewController.xib */,
			);
			name = TVGuide;
			sourceTree = "<group>";
		};
		FABBAE761FA5CE170052B4CC /* TVGuide */ = {
			isa = PBXGroup;
			children = (
				FABBAE771FA5CE3D0052B4CC /* TVGuideCollectionViewCell.swift */,
				FABBAE791FA5CE4D0052B4CC /* TVGuideCollectionViewCell.xib */,
			);
			name = TVGuide;
			sourceTree = "<group>";
		};
		FABBAE7B1FA5D1040052B4CC /* TVGuide */ = {
			isa = PBXGroup;
			children = (
				FABBAE7C1FA5D11E0052B4CC /* TVGuide.swift */,
			);
			name = TVGuide;
			sourceTree = "<group>";
		};
/* End PBXGroup section */

/* Begin PBXNativeTarget section */
		FA2ABCDA1FA3326E00326B50 /* AstroTest */ = {
			isa = PBXNativeTarget;
			buildConfigurationList = FA2ABD031FA3326E00326B50 /* Build configuration list for PBXNativeTarget "AstroTest" */;
			buildPhases = (
				7508FCFC94820E2092F21719 /* [CP] Check Pods Manifest.lock */,
				FA2ABCD71FA3326E00326B50 /* Sources */,
				FA2ABCD81FA3326E00326B50 /* Frameworks */,
				FA2ABCD91FA3326E00326B50 /* Resources */,
				0C5FBC0344C7383FFA0C3B7A /* [CP] Embed Pods Frameworks */,
				2C617E7B5B76B7A827E816AD /* [CP] Copy Pods Resources */,
			);
			buildRules = (
			);
			dependencies = (
			);
			name = AstroTest;
			productName = AstroTest;
			productReference = FA2ABCDB1FA3326E00326B50 /* AstroTest.app */;
			productType = "com.apple.product-type.application";
		};
		FA2ABCEE1FA3326E00326B50 /* AstroTestTests */ = {
			isa = PBXNativeTarget;
			buildConfigurationList = FA2ABD061FA3326E00326B50 /* Build configuration list for PBXNativeTarget "AstroTestTests" */;
			buildPhases = (
				4D0A56E8415373846A0A0247 /* [CP] Check Pods Manifest.lock */,
				FA2ABCEB1FA3326E00326B50 /* Sources */,
				FA2ABCEC1FA3326E00326B50 /* Frameworks */,
				FA2ABCED1FA3326E00326B50 /* Resources */,
				173F7E96053114D2E098B119 /* [CP] Embed Pods Frameworks */,
				38CCD8BBDB44C69017348E73 /* [CP] Copy Pods Resources */,
			);
			buildRules = (
			);
			dependencies = (
				FA2ABCF11FA3326E00326B50 /* PBXTargetDependency */,
			);
			name = AstroTestTests;
			productName = AstroTestTests;
			productReference = FA2ABCEF1FA3326E00326B50 /* AstroTestTests.xctest */;
			productType = "com.apple.product-type.bundle.unit-test";
		};
		FA2ABCF91FA3326E00326B50 /* AstroTestUITests */ = {
			isa = PBXNativeTarget;
			buildConfigurationList = FA2ABD091FA3326E00326B50 /* Build configuration list for PBXNativeTarget "AstroTestUITests" */;
			buildPhases = (
				A88AB726203E88468CF8FEF7 /* [CP] Check Pods Manifest.lock */,
				FA2ABCF61FA3326E00326B50 /* Sources */,
				FA2ABCF71FA3326E00326B50 /* Frameworks */,
				FA2ABCF81FA3326E00326B50 /* Resources */,
				179A31D578E670B524A9ADC4 /* [CP] Embed Pods Frameworks */,
				D0F4FCB9399959B78C425810 /* [CP] Copy Pods Resources */,
			);
			buildRules = (
			);
			dependencies = (
				FA2ABCFC1FA3326E00326B50 /* PBXTargetDependency */,
			);
			name = AstroTestUITests;
			productName = AstroTestUITests;
			productReference = FA2ABCFA1FA3326E00326B50 /* AstroTestUITests.xctest */;
			productType = "com.apple.product-type.bundle.ui-testing";
		};
/* End PBXNativeTarget section */

/* Begin PBXProject section */
		FA2ABCD31FA3326D00326B50 /* Project object */ = {
			isa = PBXProject;
			attributes = {
				LastSwiftUpdateCheck = 0830;
				LastUpgradeCheck = 0830;
				ORGANIZATIONNAME = HoangSon;
				TargetAttributes = {
					FA2ABCDA1FA3326E00326B50 = {
						CreatedOnToolsVersion = 8.3.3;
						LastSwiftMigration = 0830;
						ProvisioningStyle = Automatic;
					};
					FA2ABCEE1FA3326E00326B50 = {
						CreatedOnToolsVersion = 8.3.3;
						ProvisioningStyle = Automatic;
						TestTargetID = FA2ABCDA1FA3326E00326B50;
					};
					FA2ABCF91FA3326E00326B50 = {
						CreatedOnToolsVersion = 8.3.3;
						ProvisioningStyle = Automatic;
						TestTargetID = FA2ABCDA1FA3326E00326B50;
					};
				};
			};
			buildConfigurationList = FA2ABCD61FA3326D00326B50 /* Build configuration list for PBXProject "AstroTest" */;
			compatibilityVersion = "Xcode 3.2";
			developmentRegion = English;
			hasScannedForEncodings = 0;
			knownRegions = (
				en,
				Base,
			);
			mainGroup = FA2ABCD21FA3326D00326B50;
			productRefGroup = FA2ABCDC1FA3326E00326B50 /* Products */;
			projectDirPath = "";
			projectRoot = "";
			targets = (
				FA2ABCDA1FA3326E00326B50 /* AstroTest */,
				FA2ABCEE1FA3326E00326B50 /* AstroTestTests */,
				FA2ABCF91FA3326E00326B50 /* AstroTestUITests */,
			);
		};
/* End PBXProject section */

/* Begin PBXResourcesBuildPhase section */
		FA2ABCD91FA3326E00326B50 /* Resources */ = {
			isa = PBXResourcesBuildPhase;
			buildActionMask = 2147483647;
			files = (
				FABBAE751FA5CD9A0052B4CC /* TVGuideViewController.xib in Resources */,
				FA2ABCE91FA3326E00326B50 /* LaunchScreen.storyboard in Resources */,
				FA60FB581FA398C8001EE5AA /* GoogleSignIn.bundle in Resources */,
				FA2ABD291FA3351B00326B50 /* DetailChannelViewController.xib in Resources */,
				FA60FB761FA3A537001EE5AA /* FacebookSDKStrings.bundle in Resources */,
				FABBAE7A1FA5CE4D0052B4CC /* TVGuideCollectionViewCell.xib in Resources */,
				FA2ABCE61FA3326E00326B50 /* Assets.xcassets in Resources */,
				FA60FB7C1FA3B3EC001EE5AA /* GoogleService-Info.plist in Resources */,
				FA2ABD251FA3350C00326B50 /* ChannelsListViewController.xib in Resources */,
				FA2ABD211FA3349A00326B50 /* MenuViewController.xib in Resources */,
				FAB5AFFE1FA56AF900E74358 /* MenuTableViewCell.xib in Resources */,
				FAB5B0121FA598FD00E74358 /* FavoriesCollectionViewCell.xib in Resources */,
				FA2ABCE41FA3326E00326B50 /* Main.storyboard in Resources */,
				FA2ABD1D1FA3348D00326B50 /* HomeViewController.xib in Resources */,
				FAB5B0041FA56B4800E74358 /* MenuFooterView.xib in Resources */,
				FAB742601FA4CE35009C65E9 /* SlideMenuViewController.xib in Resources */,
				FAB5B0081FA56B6000E74358 /* MenuHeader.xib in Resources */,
				FAB5B00D1FA57B7B00E74358 /* ChannelTableViewCell.xib in Resources */,
				FA60FB741FA3A537001EE5AA /* AccountKitStrings.bundle in Resources */,
				FA2ABD331FA335B300326B50 /* LoginViewController.xib in Resources */,
			);
			runOnlyForDeploymentPostprocessing = 0;
		};
		FA2ABCED1FA3326E00326B50 /* Resources */ = {
			isa = PBXResourcesBuildPhase;
			buildActionMask = 2147483647;
			files = (
			);
			runOnlyForDeploymentPostprocessing = 0;
		};
		FA2ABCF81FA3326E00326B50 /* Resources */ = {
			isa = PBXResourcesBuildPhase;
			buildActionMask = 2147483647;
			files = (
			);
			runOnlyForDeploymentPostprocessing = 0;
		};
/* End PBXResourcesBuildPhase section */

/* Begin PBXShellScriptBuildPhase section */
		0C5FBC0344C7383FFA0C3B7A /* [CP] Embed Pods Frameworks */ = {
			isa = PBXShellScriptBuildPhase;
			buildActionMask = 2147483647;
			files = (
			);
			inputPaths = (
				"${SRCROOT}/Pods/Target Support Files/Pods-AstroTest/Pods-AstroTest-frameworks.sh",
				"${BUILT_PRODUCTS_DIR}/GoogleToolboxForMac/GoogleToolboxForMac.framework",
				"${BUILT_PRODUCTS_DIR}/nanopb/nanopb.framework",
			);
			name = "[CP] Embed Pods Frameworks";
			outputPaths = (
				"${TARGET_BUILD_DIR}/${FRAMEWORKS_FOLDER_PATH}/GoogleToolboxForMac.framework",
				"${TARGET_BUILD_DIR}/${FRAMEWORKS_FOLDER_PATH}/nanopb.framework",
			);
			runOnlyForDeploymentPostprocessing = 0;
			shellPath = /bin/sh;
			shellScript = "\"${SRCROOT}/Pods/Target Support Files/Pods-AstroTest/Pods-AstroTest-frameworks.sh\"\n";
			showEnvVarsInLog = 0;
		};
		173F7E96053114D2E098B119 /* [CP] Embed Pods Frameworks */ = {
			isa = PBXShellScriptBuildPhase;
			buildActionMask = 2147483647;
			files = (
			);
			inputPaths = (
			);
			name = "[CP] Embed Pods Frameworks";
			outputPaths = (
			);
			runOnlyForDeploymentPostprocessing = 0;
			shellPath = /bin/sh;
			shellScript = "\"${SRCROOT}/Pods/Target Support Files/Pods-AstroTestTests/Pods-AstroTestTests-frameworks.sh\"\n";
			showEnvVarsInLog = 0;
		};
		179A31D578E670B524A9ADC4 /* [CP] Embed Pods Frameworks */ = {
			isa = PBXShellScriptBuildPhase;
			buildActionMask = 2147483647;
			files = (
			);
			inputPaths = (
			);
			name = "[CP] Embed Pods Frameworks";
			outputPaths = (
			);
			runOnlyForDeploymentPostprocessing = 0;
			shellPath = /bin/sh;
			shellScript = "\"${SRCROOT}/Pods/Target Support Files/Pods-AstroTestUITests/Pods-AstroTestUITests-frameworks.sh\"\n";
			showEnvVarsInLog = 0;
		};
		2C617E7B5B76B7A827E816AD /* [CP] Copy Pods Resources */ = {
			isa = PBXShellScriptBuildPhase;
			buildActionMask = 2147483647;
			files = (
			);
			inputPaths = (
			);
			name = "[CP] Copy Pods Resources";
			outputPaths = (
			);
			runOnlyForDeploymentPostprocessing = 0;
			shellPath = /bin/sh;
			shellScript = "\"${SRCROOT}/Pods/Target Support Files/Pods-AstroTest/Pods-AstroTest-resources.sh\"\n";
			showEnvVarsInLog = 0;
		};
		38CCD8BBDB44C69017348E73 /* [CP] Copy Pods Resources */ = {
			isa = PBXShellScriptBuildPhase;
			buildActionMask = 2147483647;
			files = (
			);
			inputPaths = (
			);
			name = "[CP] Copy Pods Resources";
			outputPaths = (
			);
			runOnlyForDeploymentPostprocessing = 0;
			shellPath = /bin/sh;
			shellScript = "\"${SRCROOT}/Pods/Target Support Files/Pods-AstroTestTests/Pods-AstroTestTests-resources.sh\"\n";
			showEnvVarsInLog = 0;
		};
		4D0A56E8415373846A0A0247 /* [CP] Check Pods Manifest.lock */ = {
			isa = PBXShellScriptBuildPhase;
			buildActionMask = 2147483647;
			files = (
			);
			inputPaths = (
				"${PODS_PODFILE_DIR_PATH}/Podfile.lock",
				"${PODS_ROOT}/Manifest.lock",
			);
			name = "[CP] Check Pods Manifest.lock";
			outputPaths = (
				"$(DERIVED_FILE_DIR)/Pods-AstroTestTests-checkManifestLockResult.txt",
			);
			runOnlyForDeploymentPostprocessing = 0;
			shellPath = /bin/sh;
			shellScript = "diff \"${PODS_PODFILE_DIR_PATH}/Podfile.lock\" \"${PODS_ROOT}/Manifest.lock\" > /dev/null\nif [ $? != 0 ] ; then\n    # print error to STDERR\n    echo \"error: The sandbox is not in sync with the Podfile.lock. Run 'pod install' or update your CocoaPods installation.\" >&2\n    exit 1\nfi\n# This output is used by Xcode 'outputs' to avoid re-running this script phase.\necho \"SUCCESS\" > \"${SCRIPT_OUTPUT_FILE_0}\"\n";
			showEnvVarsInLog = 0;
		};
		7508FCFC94820E2092F21719 /* [CP] Check Pods Manifest.lock */ = {
			isa = PBXShellScriptBuildPhase;
			buildActionMask = 2147483647;
			files = (
			);
			inputPaths = (
				"${PODS_PODFILE_DIR_PATH}/Podfile.lock",
				"${PODS_ROOT}/Manifest.lock",
			);
			name = "[CP] Check Pods Manifest.lock";
			outputPaths = (
				"$(DERIVED_FILE_DIR)/Pods-AstroTest-checkManifestLockResult.txt",
			);
			runOnlyForDeploymentPostprocessing = 0;
			shellPath = /bin/sh;
			shellScript = "diff \"${PODS_PODFILE_DIR_PATH}/Podfile.lock\" \"${PODS_ROOT}/Manifest.lock\" > /dev/null\nif [ $? != 0 ] ; then\n    # print error to STDERR\n    echo \"error: The sandbox is not in sync with the Podfile.lock. Run 'pod install' or update your CocoaPods installation.\" >&2\n    exit 1\nfi\n# This output is used by Xcode 'outputs' to avoid re-running this script phase.\necho \"SUCCESS\" > \"${SCRIPT_OUTPUT_FILE_0}\"\n";
			showEnvVarsInLog = 0;
		};
		A88AB726203E88468CF8FEF7 /* [CP] Check Pods Manifest.lock */ = {
			isa = PBXShellScriptBuildPhase;
			buildActionMask = 2147483647;
			files = (
			);
			inputPaths = (
				"${PODS_PODFILE_DIR_PATH}/Podfile.lock",
				"${PODS_ROOT}/Manifest.lock",
			);
			name = "[CP] Check Pods Manifest.lock";
			outputPaths = (
				"$(DERIVED_FILE_DIR)/Pods-AstroTestUITests-checkManifestLockResult.txt",
			);
			runOnlyForDeploymentPostprocessing = 0;
			shellPath = /bin/sh;
			shellScript = "diff \"${PODS_PODFILE_DIR_PATH}/Podfile.lock\" \"${PODS_ROOT}/Manifest.lock\" > /dev/null\nif [ $? != 0 ] ; then\n    # print error to STDERR\n    echo \"error: The sandbox is not in sync with the Podfile.lock. Run 'pod install' or update your CocoaPods installation.\" >&2\n    exit 1\nfi\n# This output is used by Xcode 'outputs' to avoid re-running this script phase.\necho \"SUCCESS\" > \"${SCRIPT_OUTPUT_FILE_0}\"\n";
			showEnvVarsInLog = 0;
		};
		D0F4FCB9399959B78C425810 /* [CP] Copy Pods Resources */ = {
			isa = PBXShellScriptBuildPhase;
			buildActionMask = 2147483647;
			files = (
			);
			inputPaths = (
			);
			name = "[CP] Copy Pods Resources";
			outputPaths = (
			);
			runOnlyForDeploymentPostprocessing = 0;
			shellPath = /bin/sh;
			shellScript = "\"${SRCROOT}/Pods/Target Support Files/Pods-AstroTestUITests/Pods-AstroTestUITests-resources.sh\"\n";
			showEnvVarsInLog = 0;
		};
/* End PBXShellScriptBuildPhase section */

/* Begin PBXSourcesBuildPhase section */
		FA2ABCD71FA3326E00326B50 /* Sources */ = {
			isa = PBXSourcesBuildPhase;
			buildActionMask = 2147483647;
			files = (
				FAB5B0021FA56B3E00E74358 /* MenuFooterView.swift in Sources */,
				FA2ABD4C1FA337F300326B50 /* RequestDetail.swift in Sources */,
				FA5D4F1A1FA3537700CA8809 /* Channel.swift in Sources */,
				FA2ABD741FA3416800326B50 /* ChannelTableViewCell.swift in Sources */,
				FA2ABD711FA33C2900326B50 /* ConfigTableViewLayout.swift in Sources */,
				FA2ABD471FA3376600326B50 /* TVGuideRequest.swift in Sources */,
				FA2ABD3C1FA3365400326B50 /* Application.swift in Sources */,
				FA2ABD761FA3483A00326B50 /* BaseCollectionView.swift in Sources */,
				FA2ABD781FA3484D00326B50 /* ConfigCollectionView.swift in Sources */,
				FA2ABD451FA3373A00326B50 /* ChannelsRequest.swift in Sources */,
				FA2ABD6D1FA33BF100326B50 /* BaseTableView.swift in Sources */,
				FA2ABD581FA33A7100326B50 /* BaseTableViewCell.swift in Sources */,
				FAB5B0101FA598F500E74358 /* FavoriesCollectionViewCell.swift in Sources */,
				FA2ABD321FA335B300326B50 /* LoginViewController.swift in Sources */,
				FAB5AFFC1FA56AED00E74358 /* MenuTableViewCell.swift in Sources */,
				FA2ABD391FA3361600326B50 /* Constants.swift in Sources */,
				FAB742661FA4DE87009C65E9 /* UIViewController.swift in Sources */,
				FAB5B00B1FA56C7100E74358 /* Menu.swift in Sources */,
				FA2ABD241FA3350C00326B50 /* ChannelsListViewController.swift in Sources */,
				FA2ABD201FA3349A00326B50 /* MenuViewController.swift in Sources */,
				FA2ABCDF1FA3326E00326B50 /* AppDelegate.swift in Sources */,
				FA2ABD361FA335FF00326B50 /* Utils.swift in Sources */,
				FA5D4F1F1FA358D400CA8809 /* LocalDataManager.swift in Sources */,
				FA5D4F1D1FA3577C00CA8809 /* DataManager.swift in Sources */,
				FABBAE7D1FA5D11E0052B4CC /* TVGuide.swift in Sources */,
				FA2ABD431FA3370200326B50 /* API.swift in Sources */,
				FABBAE741FA5CD9A0052B4CC /* TVGuideViewController.swift in Sources */,
				FA2138E41FA460E500DE84AC /* UserRequest.swift in Sources */,
				FAB5B0141FA5AEED00E74358 /* FirebaseDataManager.swift in Sources */,
				FA2ABD191FA3347000326B50 /* BaseViewController.swift in Sources */,
				FA2ABD2D1FA3357C00326B50 /* SlideMenuViewController.swift in Sources */,
				FA2ABD5A1FA33A8500326B50 /* BaseCollectionViewCell.swift in Sources */,
				FA2ABD4A1FA337D900326B50 /* BaseObject.swift in Sources */,
				FA2ABD281FA3351B00326B50 /* DetailChannelViewController.swift in Sources */,
				FA5D4F271FA38ADD00CA8809 /* SortChannel.swift in Sources */,
				FA2ABD1C1FA3348D00326B50 /* HomeViewController.swift in Sources */,
				FA2ABD5D1FA33AF800326B50 /* BaseView.swift in Sources */,
				FAB5B0061FA56B5600E74358 /* MenuHeader.swift in Sources */,
				FA5D4F211FA358E200CA8809 /* AWSDataManager.swift in Sources */,
				FA2ABD6F1FA33C0700326B50 /* ConfigTableView.swift in Sources */,
				FA2ABD521FA338EC00326B50 /* Request.swift in Sources */,
				FA2ABD7A1FA3485D00326B50 /* ConfigCollectionViewFlowLayout.swift in Sources */,
				FABBAE781FA5CE3D0052B4CC /* TVGuideCollectionViewCell.swift in Sources */,
				FA2ABD501FA3381C00326B50 /* TVGuideParams.swift in Sources */,
				FA2ABD4E1FA3380C00326B50 /* ChannelParams.swift in Sources */,
			);
			runOnlyForDeploymentPostprocessing = 0;
		};
		FA2ABCEB1FA3326E00326B50 /* Sources */ = {
			isa = PBXSourcesBuildPhase;
			buildActionMask = 2147483647;
			files = (
				FA2ABCF41FA3326E00326B50 /* AstroTestTests.swift in Sources */,
			);
			runOnlyForDeploymentPostprocessing = 0;
		};
		FA2ABCF61FA3326E00326B50 /* Sources */ = {
			isa = PBXSourcesBuildPhase;
			buildActionMask = 2147483647;
			files = (
				FA2ABCFF1FA3326E00326B50 /* AstroTestUITests.swift in Sources */,
			);
			runOnlyForDeploymentPostprocessing = 0;
		};
/* End PBXSourcesBuildPhase section */

/* Begin PBXTargetDependency section */
		FA2ABCF11FA3326E00326B50 /* PBXTargetDependency */ = {
			isa = PBXTargetDependency;
			target = FA2ABCDA1FA3326E00326B50 /* AstroTest */;
			targetProxy = FA2ABCF01FA3326E00326B50 /* PBXContainerItemProxy */;
		};
		FA2ABCFC1FA3326E00326B50 /* PBXTargetDependency */ = {
			isa = PBXTargetDependency;
			target = FA2ABCDA1FA3326E00326B50 /* AstroTest */;
			targetProxy = FA2ABCFB1FA3326E00326B50 /* PBXContainerItemProxy */;
		};
/* End PBXTargetDependency section */

/* Begin PBXVariantGroup section */
		FA2ABCE21FA3326E00326B50 /* Main.storyboard */ = {
			isa = PBXVariantGroup;
			children = (
				FA2ABCE31FA3326E00326B50 /* Base */,
			);
			name = Main.storyboard;
			sourceTree = "<group>";
		};
		FA2ABCE71FA3326E00326B50 /* LaunchScreen.storyboard */ = {
			isa = PBXVariantGroup;
			children = (
				FA2ABCE81FA3326E00326B50 /* Base */,
			);
			name = LaunchScreen.storyboard;
			sourceTree = "<group>";
		};
/* End PBXVariantGroup section */

/* Begin XCBuildConfiguration section */
		FA2ABD011FA3326E00326B50 /* Debug */ = {
			isa = XCBuildConfiguration;
			buildSettings = {
				ALWAYS_SEARCH_USER_PATHS = NO;
				CLANG_ANALYZER_NONNULL = YES;
				CLANG_ANALYZER_NUMBER_OBJECT_CONVERSION = YES_AGGRESSIVE;
				CLANG_CXX_LANGUAGE_STANDARD = "gnu++0x";
				CLANG_CXX_LIBRARY = "libc++";
				CLANG_ENABLE_MODULES = YES;
				CLANG_ENABLE_OBJC_ARC = YES;
				CLANG_WARN_BOOL_CONVERSION = YES;
				CLANG_WARN_CONSTANT_CONVERSION = YES;
				CLANG_WARN_DIRECT_OBJC_ISA_USAGE = YES_ERROR;
				CLANG_WARN_DOCUMENTATION_COMMENTS = YES;
				CLANG_WARN_EMPTY_BODY = YES;
				CLANG_WARN_ENUM_CONVERSION = YES;
				CLANG_WARN_INFINITE_RECURSION = YES;
				CLANG_WARN_INT_CONVERSION = YES;
				CLANG_WARN_OBJC_ROOT_CLASS = YES_ERROR;
				CLANG_WARN_SUSPICIOUS_MOVE = YES;
				CLANG_WARN_UNREACHABLE_CODE = YES;
				CLANG_WARN__DUPLICATE_METHOD_MATCH = YES;
				"CODE_SIGN_IDENTITY[sdk=iphoneos*]" = "iPhone Developer";
				COPY_PHASE_STRIP = NO;
				DEBUG_INFORMATION_FORMAT = dwarf;
				ENABLE_STRICT_OBJC_MSGSEND = YES;
				ENABLE_TESTABILITY = YES;
				GCC_C_LANGUAGE_STANDARD = gnu99;
				GCC_DYNAMIC_NO_PIC = NO;
				GCC_NO_COMMON_BLOCKS = YES;
				GCC_OPTIMIZATION_LEVEL = 0;
				GCC_PREPROCESSOR_DEFINITIONS = (
					"DEBUG=1",
					"$(inherited)",
				);
				GCC_WARN_64_TO_32_BIT_CONVERSION = YES;
				GCC_WARN_ABOUT_RETURN_TYPE = YES_ERROR;
				GCC_WARN_UNDECLARED_SELECTOR = YES;
				GCC_WARN_UNINITIALIZED_AUTOS = YES_AGGRESSIVE;
				GCC_WARN_UNUSED_FUNCTION = YES;
				GCC_WARN_UNUSED_VARIABLE = YES;
				IPHONEOS_DEPLOYMENT_TARGET = 10.3;
				MTL_ENABLE_DEBUG_INFO = YES;
				ONLY_ACTIVE_ARCH = YES;
				SDKROOT = iphoneos;
				SWIFT_ACTIVE_COMPILATION_CONDITIONS = DEBUG;
				SWIFT_OPTIMIZATION_LEVEL = "-Onone";
			};
			name = Debug;
		};
		FA2ABD021FA3326E00326B50 /* Release */ = {
			isa = XCBuildConfiguration;
			buildSettings = {
				ALWAYS_SEARCH_USER_PATHS = NO;
				CLANG_ANALYZER_NONNULL = YES;
				CLANG_ANALYZER_NUMBER_OBJECT_CONVERSION = YES_AGGRESSIVE;
				CLANG_CXX_LANGUAGE_STANDARD = "gnu++0x";
				CLANG_CXX_LIBRARY = "libc++";
				CLANG_ENABLE_MODULES = YES;
				CLANG_ENABLE_OBJC_ARC = YES;
				CLANG_WARN_BOOL_CONVERSION = YES;
				CLANG_WARN_CONSTANT_CONVERSION = YES;
				CLANG_WARN_DIRECT_OBJC_ISA_USAGE = YES_ERROR;
				CLANG_WARN_DOCUMENTATION_COMMENTS = YES;
				CLANG_WARN_EMPTY_BODY = YES;
				CLANG_WARN_ENUM_CONVERSION = YES;
				CLANG_WARN_INFINITE_RECURSION = YES;
				CLANG_WARN_INT_CONVERSION = YES;
				CLANG_WARN_OBJC_ROOT_CLASS = YES_ERROR;
				CLANG_WARN_SUSPICIOUS_MOVE = YES;
				CLANG_WARN_UNREACHABLE_CODE = YES;
				CLANG_WARN__DUPLICATE_METHOD_MATCH = YES;
				"CODE_SIGN_IDENTITY[sdk=iphoneos*]" = "iPhone Developer";
				COPY_PHASE_STRIP = NO;
				DEBUG_INFORMATION_FORMAT = "dwarf-with-dsym";
				ENABLE_NS_ASSERTIONS = NO;
				ENABLE_STRICT_OBJC_MSGSEND = YES;
				GCC_C_LANGUAGE_STANDARD = gnu99;
				GCC_NO_COMMON_BLOCKS = YES;
				GCC_WARN_64_TO_32_BIT_CONVERSION = YES;
				GCC_WARN_ABOUT_RETURN_TYPE = YES_ERROR;
				GCC_WARN_UNDECLARED_SELECTOR = YES;
				GCC_WARN_UNINITIALIZED_AUTOS = YES_AGGRESSIVE;
				GCC_WARN_UNUSED_FUNCTION = YES;
				GCC_WARN_UNUSED_VARIABLE = YES;
				IPHONEOS_DEPLOYMENT_TARGET = 10.3;
				MTL_ENABLE_DEBUG_INFO = NO;
				SDKROOT = iphoneos;
				SWIFT_OPTIMIZATION_LEVEL = "-Owholemodule";
				VALIDATE_PRODUCT = YES;
			};
			name = Release;
		};
		FA2ABD041FA3326E00326B50 /* Debug */ = {
			isa = XCBuildConfiguration;
			baseConfigurationReference = FB97DE668D8DB9348B908A93 /* Pods-AstroTest.debug.xcconfig */;
			buildSettings = {
				ASSETCATALOG_COMPILER_APPICON_NAME = AppIcon;
				CLANG_ENABLE_MODULES = YES;
				FRAMEWORK_SEARCH_PATHS = (
					"$(inherited)",
					"$(PROJECT_DIR)/AstroTest/Libs/GoogleSignInSDK",
					"$(PROJECT_DIR)/AstroTest/Libs/FacebookSDK",
					"$(PROJECT_DIR)/AstroTest/Libs/Firebase",
				);
				INFOPLIST_FILE = AstroTest/Info.plist;
				LD_RUNPATH_SEARCH_PATHS = "$(inherited) @executable_path/Frameworks";
				OTHER_LDFLAGS = (
					"$(OTHER_LDFLAGS)",
					"-ObjC",
				);
				PRODUCT_BUNDLE_IDENTIFIER = com.hoangson.AstroTest;
				PRODUCT_NAME = "$(TARGET_NAME)";
				SWIFT_OBJC_BRIDGING_HEADER = "AstroTest/AstroTest-Bridging-Header.h";
				SWIFT_OPTIMIZATION_LEVEL = "-Onone";
				SWIFT_VERSION = 3.0;
			};
			name = Debug;
		};
		FA2ABD051FA3326E00326B50 /* Release */ = {
			isa = XCBuildConfiguration;
			baseConfigurationReference = C664CF8F083F5294BD42AA60 /* Pods-AstroTest.release.xcconfig */;
			buildSettings = {
				ASSETCATALOG_COMPILER_APPICON_NAME = AppIcon;
				CLANG_ENABLE_MODULES = YES;
				FRAMEWORK_SEARCH_PATHS = (
					"$(inherited)",
					"$(PROJECT_DIR)/AstroTest/Libs/GoogleSignInSDK",
					"$(PROJECT_DIR)/AstroTest/Libs/FacebookSDK",
					"$(PROJECT_DIR)/AstroTest/Libs/Firebase",
				);
				INFOPLIST_FILE = AstroTest/Info.plist;
				LD_RUNPATH_SEARCH_PATHS = "$(inherited) @executable_path/Frameworks";
				OTHER_LDFLAGS = (
					"$(OTHER_LDFLAGS)",
					"-ObjC",
				);
				PRODUCT_BUNDLE_IDENTIFIER = com.hoangson.AstroTest;
				PRODUCT_NAME = "$(TARGET_NAME)";
				SWIFT_OBJC_BRIDGING_HEADER = "AstroTest/AstroTest-Bridging-Header.h";
				SWIFT_VERSION = 3.0;
			};
			name = Release;
		};
		FA2ABD071FA3326E00326B50 /* Debug */ = {
			isa = XCBuildConfiguration;
			baseConfigurationReference = 9AF85BC8CCEFE11BD6F521F1 /* Pods-AstroTestTests.debug.xcconfig */;
			buildSettings = {
				ALWAYS_EMBED_SWIFT_STANDARD_LIBRARIES = YES;
				BUNDLE_LOADER = "$(TEST_HOST)";
				INFOPLIST_FILE = AstroTestTests/Info.plist;
				LD_RUNPATH_SEARCH_PATHS = "$(inherited) @executable_path/Frameworks @loader_path/Frameworks";
				PRODUCT_BUNDLE_IDENTIFIER = com.hoangson.AstroTestTests;
				PRODUCT_NAME = "$(TARGET_NAME)";
				SWIFT_VERSION = 3.0;
				TEST_HOST = "$(BUILT_PRODUCTS_DIR)/AstroTest.app/AstroTest";
			};
			name = Debug;
		};
		FA2ABD081FA3326E00326B50 /* Release */ = {
			isa = XCBuildConfiguration;
			baseConfigurationReference = 4082E0D2C422612FB3084429 /* Pods-AstroTestTests.release.xcconfig */;
			buildSettings = {
				ALWAYS_EMBED_SWIFT_STANDARD_LIBRARIES = YES;
				BUNDLE_LOADER = "$(TEST_HOST)";
				INFOPLIST_FILE = AstroTestTests/Info.plist;
				LD_RUNPATH_SEARCH_PATHS = "$(inherited) @executable_path/Frameworks @loader_path/Frameworks";
				PRODUCT_BUNDLE_IDENTIFIER = com.hoangson.AstroTestTests;
				PRODUCT_NAME = "$(TARGET_NAME)";
				SWIFT_VERSION = 3.0;
				TEST_HOST = "$(BUILT_PRODUCTS_DIR)/AstroTest.app/AstroTest";
			};
			name = Release;
		};
		FA2ABD0A1FA3326E00326B50 /* Debug */ = {
			isa = XCBuildConfiguration;
			baseConfigurationReference = C03C7D0B40CB947AB965D5F7 /* Pods-AstroTestUITests.debug.xcconfig */;
			buildSettings = {
				ALWAYS_EMBED_SWIFT_STANDARD_LIBRARIES = YES;
				INFOPLIST_FILE = AstroTestUITests/Info.plist;
				LD_RUNPATH_SEARCH_PATHS = "$(inherited) @executable_path/Frameworks @loader_path/Frameworks";
				PRODUCT_BUNDLE_IDENTIFIER = com.hoangson.AstroTestUITests;
				PRODUCT_NAME = "$(TARGET_NAME)";
				SWIFT_VERSION = 3.0;
				TEST_TARGET_NAME = AstroTest;
			};
			name = Debug;
		};
		FA2ABD0B1FA3326E00326B50 /* Release */ = {
			isa = XCBuildConfiguration;
			baseConfigurationReference = 2C0AB9CC3A6759541BB34B38 /* Pods-AstroTestUITests.release.xcconfig */;
			buildSettings = {
				ALWAYS_EMBED_SWIFT_STANDARD_LIBRARIES = YES;
				INFOPLIST_FILE = AstroTestUITests/Info.plist;
				LD_RUNPATH_SEARCH_PATHS = "$(inherited) @executable_path/Frameworks @loader_path/Frameworks";
				PRODUCT_BUNDLE_IDENTIFIER = com.hoangson.AstroTestUITests;
				PRODUCT_NAME = "$(TARGET_NAME)";
				SWIFT_VERSION = 3.0;
				TEST_TARGET_NAME = AstroTest;
			};
			name = Release;
		};
/* End XCBuildConfiguration section */

/* Begin XCConfigurationList section */
		FA2ABCD61FA3326D00326B50 /* Build configuration list for PBXProject "AstroTest" */ = {
			isa = XCConfigurationList;
			buildConfigurations = (
				FA2ABD011FA3326E00326B50 /* Debug */,
				FA2ABD021FA3326E00326B50 /* Release */,
			);
			defaultConfigurationIsVisible = 0;
			defaultConfigurationName = Release;
		};
		FA2ABD031FA3326E00326B50 /* Build configuration list for PBXNativeTarget "AstroTest" */ = {
			isa = XCConfigurationList;
			buildConfigurations = (
				FA2ABD041FA3326E00326B50 /* Debug */,
				FA2ABD051FA3326E00326B50 /* Release */,
			);
			defaultConfigurationIsVisible = 0;
			defaultConfigurationName = Release;
		};
		FA2ABD061FA3326E00326B50 /* Build configuration list for PBXNativeTarget "AstroTestTests" */ = {
			isa = XCConfigurationList;
			buildConfigurations = (
				FA2ABD071FA3326E00326B50 /* Debug */,
				FA2ABD081FA3326E00326B50 /* Release */,
			);
			defaultConfigurationIsVisible = 0;
			defaultConfigurationName = Release;
		};
		FA2ABD091FA3326E00326B50 /* Build configuration list for PBXNativeTarget "AstroTestUITests" */ = {
			isa = XCConfigurationList;
			buildConfigurations = (
				FA2ABD0A1FA3326E00326B50 /* Debug */,
				FA2ABD0B1FA3326E00326B50 /* Release */,
			);
			defaultConfigurationIsVisible = 0;
			defaultConfigurationName = Release;
		};
/* End XCConfigurationList section */
	};
	rootObject = FA2ABCD31FA3326D00326B50 /* Project object */;
}
